# This file is automatically @generated by Cargo.
# It is not intended for manual editing.
version = 4

[[package]]
name = "ltx_cli"
version = "0.1.0"

[[package]]
name = "ltx_compiler"
version = "0.1.0"

[[package]]
name = "ltx_diagnostics"
version = "0.1.0"

[[package]]
name = "ltx_fmt"
version = "0.1.0"

[[package]]
name = "ltx_lexer"
version = "0.1.0"

[[package]]
name = "ltx_linter"
version = "0.1.0"

[[package]]
name = "ltx_parser"
version = "0.1.0"
